// !$*UTF8*$!
{
	archiveVersion = 1;
	classes = {
	};
	objectVersion = 50;
	objects = {

/* Begin PBXBuildFile section */
		BB67619826002C38004C11BF /* AppDelegate.swift in Sources */ = {isa = PBXBuildFile; fileRef = BB67619726002C38004C11BF /* AppDelegate.swift */; };
		BB6761A026002C38004C11BF /* GameViewController.swift in Sources */ = {isa = PBXBuildFile; fileRef = BB67619F26002C38004C11BF /* GameViewController.swift */; };
		BB6761A326002C38004C11BF /* Main.storyboard in Resources */ = {isa = PBXBuildFile; fileRef = BB6761A126002C38004C11BF /* Main.storyboard */; };
		BB6761A526002C39004C11BF /* Assets.xcassets in Resources */ = {isa = PBXBuildFile; fileRef = BB6761A426002C39004C11BF /* Assets.xcassets */; };
		BB6761D926002C7E004C11BF /* MutableLocation.swift in Sources */ = {isa = PBXBuildFile; fileRef = BB6761CC26002C7E004C11BF /* MutableLocation.swift */; };
		BB6761DA26002C7E004C11BF /* StandardBoard.swift in Sources */ = {isa = PBXBuildFile; fileRef = BB6761CD26002C7E004C11BF /* StandardBoard.swift */; };
		BB6761DB26002C7E004C11BF /* Game.swift in Sources */ = {isa = PBXBuildFile; fileRef = BB6761CE26002C7E004C11BF /* Game.swift */; };
		BB6761DD26002C7E004C11BF /* FuelManager.swift in Sources */ = {isa = PBXBuildFile; fileRef = BB6761D026002C7E004C11BF /* FuelManager.swift */; };
		BB6761DE26002C7E004C11BF /* StandardNavigator.swift in Sources */ = {isa = PBXBuildFile; fileRef = BB6761D126002C7E004C11BF /* StandardNavigator.swift */; };
		BB6761E026002C7E004C11BF /* RedShiftCard.swift in Sources */ = {isa = PBXBuildFile; fileRef = BB6761D326002C7E004C11BF /* RedShiftCard.swift */; };
		BB6761E126002C7E004C11BF /* StandardMap.swift in Sources */ = {isa = PBXBuildFile; fileRef = BB6761D426002C7E004C11BF /* StandardMap.swift */; };
		BB6761E226002C7E004C11BF /* Map.swift in Sources */ = {isa = PBXBuildFile; fileRef = BB6761D526002C7E004C11BF /* Map.swift */; };
		BB6761E326002C7E004C11BF /* Player.swift in Sources */ = {isa = PBXBuildFile; fileRef = BB6761D626002C7E004C11BF /* Player.swift */; };
		BB6761E426002C7E004C11BF /* StandardFuelManager.swift in Sources */ = {isa = PBXBuildFile; fileRef = BB6761D726002C7E004C11BF /* StandardFuelManager.swift */; };
		BB6761E526002C7E004C11BF /* Navigator.swift in Sources */ = {isa = PBXBuildFile; fileRef = BB6761D826002C7E004C11BF /* Navigator.swift */; };
		BB6761F026002CA5004C11BF /* CelestialBody.swift in Sources */ = {isa = PBXBuildFile; fileRef = BB6761EA26002CA5004C11BF /* CelestialBody.swift */; };
		BB6761F126002CA5004C11BF /* Spaceship.swift in Sources */ = {isa = PBXBuildFile; fileRef = BB6761EB26002CA5004C11BF /* Spaceship.swift */; };
		BB6761F226002CA5004C11BF /* GameState.swift in Sources */ = {isa = PBXBuildFile; fileRef = BB6761EC26002CA5004C11BF /* GameState.swift */; };
		BB6761F326002CA5004C11BF /* SpriteComponent.swift in Sources */ = {isa = PBXBuildFile; fileRef = BB6761EE26002CA5004C11BF /* SpriteComponent.swift */; };
		BB6761F426002CA5004C11BF /* PlayerComponent.swift in Sources */ = {isa = PBXBuildFile; fileRef = BB6761EF26002CA5004C11BF /* PlayerComponent.swift */; };
		BB6761FE26002CE4004C11BF /* BoardLayout.swift in Sources */ = {isa = PBXBuildFile; fileRef = BB6761FB26002CE4004C11BF /* BoardLayout.swift */; };
		BB6761FF26002CE4004C11BF /* BoardScene.swift in Sources */ = {isa = PBXBuildFile; fileRef = BB6761FC26002CE4004C11BF /* BoardScene.swift */; };
		BB67620026002CE4004C11BF /* BoardScene.sks in Resources */ = {isa = PBXBuildFile; fileRef = BB6761FD26002CE4004C11BF /* BoardScene.sks */; };
		BB67624626002EA6004C11BF /* StandardBoardTests.swift in Sources */ = {isa = PBXBuildFile; fileRef = BB67623926002EA5004C11BF /* StandardBoardTests.swift */; };
		BB67624726002EA6004C11BF /* Game_StartBonusTests.swift in Sources */ = {isa = PBXBuildFile; fileRef = BB67623A26002EA5004C11BF /* Game_StartBonusTests.swift */; };
		BB67624826002EA6004C11BF /* Game_initPlayersTests.swift in Sources */ = {isa = PBXBuildFile; fileRef = BB67623B26002EA5004C11BF /* Game_initPlayersTests.swift */; };
		BB67624926002EA6004C11BF /* Game_SinopeTests.swift in Sources */ = {isa = PBXBuildFile; fileRef = BB67623C26002EA6004C11BF /* Game_SinopeTests.swift */; };
		BB67624A26002EA6004C11BF /* Game_LowFuelTests.swift in Sources */ = {isa = PBXBuildFile; fileRef = BB67623D26002EA6004C11BF /* Game_LowFuelTests.swift */; };
		BB67624B26002EA6004C11BF /* Game_RentTests.swift in Sources */ = {isa = PBXBuildFile; fileRef = BB67623E26002EA6004C11BF /* Game_RentTests.swift */; };
		BB67624D26002EA6004C11BF /* Game_FuelTests.swift in Sources */ = {isa = PBXBuildFile; fileRef = BB67624026002EA6004C11BF /* Game_FuelTests.swift */; };
		BB67624E26002EA6004C11BF /* Game_MoveTests.swift in Sources */ = {isa = PBXBuildFile; fileRef = BB67624126002EA6004C11BF /* Game_MoveTests.swift */; };
		BB67624F26002EA6004C11BF /* Game_BuyPropertyTests.swift in Sources */ = {isa = PBXBuildFile; fileRef = BB67624226002EA6004C11BF /* Game_BuyPropertyTests.swift */; };
		BB67625026002EA6004C11BF /* Game_RollTests.swift in Sources */ = {isa = PBXBuildFile; fileRef = BB67624326002EA6004C11BF /* Game_RollTests.swift */; };
		BB67625226002EA6004C11BF /* Game_RedShiftTests.swift in Sources */ = {isa = PBXBuildFile; fileRef = BB67624526002EA6004C11BF /* Game_RedShiftTests.swift */; };
		BB8786622603FD7C006028E6 /* Game_initDefaultsTests.swift in Sources */ = {isa = PBXBuildFile; fileRef = BB8786612603FD7C006028E6 /* Game_initDefaultsTests.swift */; };
		BB87866C26043AB8006028E6 /* TestBoardTests.swift in Sources */ = {isa = PBXBuildFile; fileRef = BB87866B26043AB8006028E6 /* TestBoardTests.swift */; };
		BB87867226043BB6006028E6 /* Board.swift in Sources */ = {isa = PBXBuildFile; fileRef = BB87867126043BB6006028E6 /* Board.swift */; };
		BB87867626043C52006028E6 /* GameFactoryTests.swift in Sources */ = {isa = PBXBuildFile; fileRef = BB87867526043C52006028E6 /* GameFactoryTests.swift */; };
		BB87867A26043D27006028E6 /* GameFactory.swift in Sources */ = {isa = PBXBuildFile; fileRef = BB87867926043D27006028E6 /* GameFactory.swift */; };
		BB8786882604C66E006028E6 /* TestBoard.swift in Sources */ = {isa = PBXBuildFile; fileRef = BB8786872604C66E006028E6 /* TestBoard.swift */; };
		BB87869226056D20006028E6 /* Location.swift in Sources */ = {isa = PBXBuildFile; fileRef = BB87869126056D20006028E6 /* Location.swift */; };
		BBF7781E26063C0E006DB037 /* DeedCard.swift in Sources */ = {isa = PBXBuildFile; fileRef = BB6761CF26002C7E004C11BF /* DeedCard.swift */; };
		BBF7782126063C12006DB037 /* StandardDeedCardFactory.swift in Sources */ = {isa = PBXBuildFile; fileRef = BB6761D226002C7E004C11BF /* StandardDeedCardFactory.swift */; };
		BBF77827260681A6006DB037 /* GameStateTests.swift in Sources */ = {isa = PBXBuildFile; fileRef = BBF77826260681A6006DB037 /* GameStateTests.swift */; };
/* End PBXBuildFile section */

/* Begin PBXContainerItemProxy section */
		BB67623026002E8A004C11BF /* PBXContainerItemProxy */ = {
			isa = PBXContainerItemProxy;
			containerPortal = BB67618C26002C38004C11BF /* Project object */;
			proxyType = 1;
			remoteGlobalIDString = BB67619326002C38004C11BF;
			remoteInfo = SolarQuest;
		};
/* End PBXContainerItemProxy section */

/* Begin PBXFileReference section */
		BB67619426002C38004C11BF /* SolarQuest.app */ = {isa = PBXFileReference; explicitFileType = wrapper.application; includeInIndex = 0; path = SolarQuest.app; sourceTree = BUILT_PRODUCTS_DIR; };
		BB67619726002C38004C11BF /* AppDelegate.swift */ = {isa = PBXFileReference; lastKnownFileType = sourcecode.swift; path = AppDelegate.swift; sourceTree = "<group>"; };
		BB67619F26002C38004C11BF /* GameViewController.swift */ = {isa = PBXFileReference; lastKnownFileType = sourcecode.swift; path = GameViewController.swift; sourceTree = "<group>"; };
		BB6761A226002C38004C11BF /* Base */ = {isa = PBXFileReference; lastKnownFileType = file.storyboard; name = Base; path = Base.lproj/Main.storyboard; sourceTree = "<group>"; };
		BB6761A426002C39004C11BF /* Assets.xcassets */ = {isa = PBXFileReference; lastKnownFileType = folder.assetcatalog; path = Assets.xcassets; sourceTree = "<group>"; };
		BB6761A626002C39004C11BF /* Info.plist */ = {isa = PBXFileReference; lastKnownFileType = text.plist.xml; path = Info.plist; sourceTree = "<group>"; };
		BB6761AF26002C39004C11BF /* SolarQuestTests.swift */ = {isa = PBXFileReference; lastKnownFileType = sourcecode.swift; path = SolarQuestTests.swift; sourceTree = "<group>"; };
		BB6761B126002C39004C11BF /* Info.plist */ = {isa = PBXFileReference; lastKnownFileType = text.plist.xml; path = Info.plist; sourceTree = "<group>"; };
		BB6761BA26002C39004C11BF /* SolarQuestUITests.swift */ = {isa = PBXFileReference; lastKnownFileType = sourcecode.swift; path = SolarQuestUITests.swift; sourceTree = "<group>"; };
		BB6761BC26002C39004C11BF /* Info.plist */ = {isa = PBXFileReference; lastKnownFileType = text.plist.xml; path = Info.plist; sourceTree = "<group>"; };
		BB6761CC26002C7E004C11BF /* MutableLocation.swift */ = {isa = PBXFileReference; fileEncoding = 4; lastKnownFileType = sourcecode.swift; path = MutableLocation.swift; sourceTree = "<group>"; };
		BB6761CD26002C7E004C11BF /* StandardBoard.swift */ = {isa = PBXFileReference; fileEncoding = 4; lastKnownFileType = sourcecode.swift; path = StandardBoard.swift; sourceTree = "<group>"; };
		BB6761CE26002C7E004C11BF /* Game.swift */ = {isa = PBXFileReference; fileEncoding = 4; lastKnownFileType = sourcecode.swift; path = Game.swift; sourceTree = "<group>"; };
		BB6761CF26002C7E004C11BF /* DeedCard.swift */ = {isa = PBXFileReference; fileEncoding = 4; lastKnownFileType = sourcecode.swift; path = DeedCard.swift; sourceTree = "<group>"; };
		BB6761D026002C7E004C11BF /* FuelManager.swift */ = {isa = PBXFileReference; fileEncoding = 4; lastKnownFileType = sourcecode.swift; path = FuelManager.swift; sourceTree = "<group>"; };
		BB6761D126002C7E004C11BF /* StandardNavigator.swift */ = {isa = PBXFileReference; fileEncoding = 4; lastKnownFileType = sourcecode.swift; path = StandardNavigator.swift; sourceTree = "<group>"; };
		BB6761D226002C7E004C11BF /* StandardDeedCardFactory.swift */ = {isa = PBXFileReference; fileEncoding = 4; lastKnownFileType = sourcecode.swift; path = StandardDeedCardFactory.swift; sourceTree = "<group>"; };
		BB6761D326002C7E004C11BF /* RedShiftCard.swift */ = {isa = PBXFileReference; fileEncoding = 4; lastKnownFileType = sourcecode.swift; path = RedShiftCard.swift; sourceTree = "<group>"; };
		BB6761D426002C7E004C11BF /* StandardMap.swift */ = {isa = PBXFileReference; fileEncoding = 4; lastKnownFileType = sourcecode.swift; path = StandardMap.swift; sourceTree = "<group>"; };
		BB6761D526002C7E004C11BF /* Map.swift */ = {isa = PBXFileReference; fileEncoding = 4; lastKnownFileType = sourcecode.swift; path = Map.swift; sourceTree = "<group>"; };
		BB6761D626002C7E004C11BF /* Player.swift */ = {isa = PBXFileReference; fileEncoding = 4; lastKnownFileType = sourcecode.swift; path = Player.swift; sourceTree = "<group>"; };
		BB6761D726002C7E004C11BF /* StandardFuelManager.swift */ = {isa = PBXFileReference; fileEncoding = 4; lastKnownFileType = sourcecode.swift; path = StandardFuelManager.swift; sourceTree = "<group>"; };
		BB6761D826002C7E004C11BF /* Navigator.swift */ = {isa = PBXFileReference; fileEncoding = 4; lastKnownFileType = sourcecode.swift; path = Navigator.swift; sourceTree = "<group>"; };
		BB6761EA26002CA5004C11BF /* CelestialBody.swift */ = {isa = PBXFileReference; fileEncoding = 4; lastKnownFileType = sourcecode.swift; path = CelestialBody.swift; sourceTree = "<group>"; };
		BB6761EB26002CA5004C11BF /* Spaceship.swift */ = {isa = PBXFileReference; fileEncoding = 4; lastKnownFileType = sourcecode.swift; path = Spaceship.swift; sourceTree = "<group>"; };
		BB6761EC26002CA5004C11BF /* GameState.swift */ = {isa = PBXFileReference; fileEncoding = 4; lastKnownFileType = sourcecode.swift; path = GameState.swift; sourceTree = "<group>"; };
		BB6761EE26002CA5004C11BF /* SpriteComponent.swift */ = {isa = PBXFileReference; fileEncoding = 4; lastKnownFileType = sourcecode.swift; path = SpriteComponent.swift; sourceTree = "<group>"; };
		BB6761EF26002CA5004C11BF /* PlayerComponent.swift */ = {isa = PBXFileReference; fileEncoding = 4; lastKnownFileType = sourcecode.swift; path = PlayerComponent.swift; sourceTree = "<group>"; };
		BB6761FB26002CE4004C11BF /* BoardLayout.swift */ = {isa = PBXFileReference; fileEncoding = 4; lastKnownFileType = sourcecode.swift; path = BoardLayout.swift; sourceTree = "<group>"; };
		BB6761FC26002CE4004C11BF /* BoardScene.swift */ = {isa = PBXFileReference; fileEncoding = 4; lastKnownFileType = sourcecode.swift; path = BoardScene.swift; sourceTree = "<group>"; };
		BB6761FD26002CE4004C11BF /* BoardScene.sks */ = {isa = PBXFileReference; lastKnownFileType = file.sks; path = BoardScene.sks; sourceTree = "<group>"; };
		BB67622B26002E8A004C11BF /* SolarQuestKitTests.xctest */ = {isa = PBXFileReference; explicitFileType = wrapper.cfbundle; includeInIndex = 0; path = SolarQuestKitTests.xctest; sourceTree = BUILT_PRODUCTS_DIR; };
		BB67622F26002E8A004C11BF /* Info.plist */ = {isa = PBXFileReference; lastKnownFileType = text.plist.xml; path = Info.plist; sourceTree = "<group>"; };
		BB67623926002EA5004C11BF /* StandardBoardTests.swift */ = {isa = PBXFileReference; fileEncoding = 4; lastKnownFileType = sourcecode.swift; path = StandardBoardTests.swift; sourceTree = "<group>"; };
		BB67623A26002EA5004C11BF /* Game_StartBonusTests.swift */ = {isa = PBXFileReference; fileEncoding = 4; lastKnownFileType = sourcecode.swift; path = Game_StartBonusTests.swift; sourceTree = "<group>"; };
		BB67623B26002EA5004C11BF /* Game_initPlayersTests.swift */ = {isa = PBXFileReference; fileEncoding = 4; lastKnownFileType = sourcecode.swift; path = Game_initPlayersTests.swift; sourceTree = "<group>"; };
		BB67623C26002EA6004C11BF /* Game_SinopeTests.swift */ = {isa = PBXFileReference; fileEncoding = 4; lastKnownFileType = sourcecode.swift; path = Game_SinopeTests.swift; sourceTree = "<group>"; };
		BB67623D26002EA6004C11BF /* Game_LowFuelTests.swift */ = {isa = PBXFileReference; fileEncoding = 4; lastKnownFileType = sourcecode.swift; path = Game_LowFuelTests.swift; sourceTree = "<group>"; };
		BB67623E26002EA6004C11BF /* Game_RentTests.swift */ = {isa = PBXFileReference; fileEncoding = 4; lastKnownFileType = sourcecode.swift; path = Game_RentTests.swift; sourceTree = "<group>"; };
		BB67624026002EA6004C11BF /* Game_FuelTests.swift */ = {isa = PBXFileReference; fileEncoding = 4; lastKnownFileType = sourcecode.swift; path = Game_FuelTests.swift; sourceTree = "<group>"; };
		BB67624126002EA6004C11BF /* Game_MoveTests.swift */ = {isa = PBXFileReference; fileEncoding = 4; lastKnownFileType = sourcecode.swift; path = Game_MoveTests.swift; sourceTree = "<group>"; };
		BB67624226002EA6004C11BF /* Game_BuyPropertyTests.swift */ = {isa = PBXFileReference; fileEncoding = 4; lastKnownFileType = sourcecode.swift; path = Game_BuyPropertyTests.swift; sourceTree = "<group>"; };
		BB67624326002EA6004C11BF /* Game_RollTests.swift */ = {isa = PBXFileReference; fileEncoding = 4; lastKnownFileType = sourcecode.swift; path = Game_RollTests.swift; sourceTree = "<group>"; };
		BB67624526002EA6004C11BF /* Game_RedShiftTests.swift */ = {isa = PBXFileReference; fileEncoding = 4; lastKnownFileType = sourcecode.swift; path = Game_RedShiftTests.swift; sourceTree = "<group>"; };
		BB78646226017D31009214D0 /* README.md */ = {isa = PBXFileReference; lastKnownFileType = net.daringfireball.markdown; path = README.md; sourceTree = "<group>"; };
		BB78646326018409009214D0 /* Future Plan.md */ = {isa = PBXFileReference; lastKnownFileType = net.daringfireball.markdown; path = "Future Plan.md"; sourceTree = "<group>"; };
		BB8786612603FD7C006028E6 /* Game_initDefaultsTests.swift */ = {isa = PBXFileReference; lastKnownFileType = sourcecode.swift; path = Game_initDefaultsTests.swift; sourceTree = "<group>"; };
		BB87866B26043AB8006028E6 /* TestBoardTests.swift */ = {isa = PBXFileReference; lastKnownFileType = sourcecode.swift; path = TestBoardTests.swift; sourceTree = "<group>"; };
		BB87867126043BB6006028E6 /* Board.swift */ = {isa = PBXFileReference; lastKnownFileType = sourcecode.swift; path = Board.swift; sourceTree = "<group>"; };
		BB87867526043C52006028E6 /* GameFactoryTests.swift */ = {isa = PBXFileReference; lastKnownFileType = sourcecode.swift; path = GameFactoryTests.swift; sourceTree = "<group>"; };
		BB87867926043D27006028E6 /* GameFactory.swift */ = {isa = PBXFileReference; lastKnownFileType = sourcecode.swift; path = GameFactory.swift; sourceTree = "<group>"; };
		BB8786872604C66E006028E6 /* TestBoard.swift */ = {isa = PBXFileReference; lastKnownFileType = sourcecode.swift; path = TestBoard.swift; sourceTree = "<group>"; };
		BB87869126056D20006028E6 /* Location.swift */ = {isa = PBXFileReference; lastKnownFileType = sourcecode.swift; path = Location.swift; sourceTree = "<group>"; };
		BBF77826260681A6006DB037 /* GameStateTests.swift */ = {isa = PBXFileReference; lastKnownFileType = sourcecode.swift; path = GameStateTests.swift; sourceTree = "<group>"; };
/* End PBXFileReference section */

/* Begin PBXFrameworksBuildPhase section */
		BB67619126002C38004C11BF /* Frameworks */ = {
			isa = PBXFrameworksBuildPhase;
			buildActionMask = 2147483647;
			files = (
			);
			runOnlyForDeploymentPostprocessing = 0;
		};
		BB67622826002E8A004C11BF /* Frameworks */ = {
			isa = PBXFrameworksBuildPhase;
			buildActionMask = 2147483647;
			files = (
			);
			runOnlyForDeploymentPostprocessing = 0;
		};
/* End PBXFrameworksBuildPhase section */

/* Begin PBXGroup section */
		BB67618B26002C38004C11BF = {
			isa = PBXGroup;
			children = (
				BB67619626002C38004C11BF /* SolarQuest */,
				BB6761AE26002C39004C11BF /* SolarQuestTests */,
				BB6761B926002C39004C11BF /* SolarQuestUITests */,
				BB67622C26002E8A004C11BF /* SolarQuestKitTests */,
				BB67619526002C38004C11BF /* Products */,
			);
			sourceTree = "<group>";
		};
		BB67619526002C38004C11BF /* Products */ = {
			isa = PBXGroup;
			children = (
				BB67619426002C38004C11BF /* SolarQuest.app */,
				BB67622B26002E8A004C11BF /* SolarQuestKitTests.xctest */,
			);
			name = Products;
			sourceTree = "<group>";
		};
		BB67619626002C38004C11BF /* SolarQuest */ = {
			isa = PBXGroup;
			children = (
				BB6761CB26002C7E004C11BF /* SolarQuestKit */,
				BB67619726002C38004C11BF /* AppDelegate.swift */,
				BB6761ED26002CA5004C11BF /* Components */,
				BB6761E926002CA5004C11BF /* Entities */,
				BB67619F26002C38004C11BF /* GameViewController.swift */,
				BB6761FB26002CE4004C11BF /* BoardLayout.swift */,
				BB6761FD26002CE4004C11BF /* BoardScene.sks */,
				BB6761FC26002CE4004C11BF /* BoardScene.swift */,
				BB6761A126002C38004C11BF /* Main.storyboard */,
				BB6761A426002C39004C11BF /* Assets.xcassets */,
				BB6761A626002C39004C11BF /* Info.plist */,
			);
			path = SolarQuest;
			sourceTree = "<group>";
		};
		BB6761AE26002C39004C11BF /* SolarQuestTests */ = {
			isa = PBXGroup;
			children = (
				BB6761AF26002C39004C11BF /* SolarQuestTests.swift */,
				BB6761B126002C39004C11BF /* Info.plist */,
			);
			path = SolarQuestTests;
			sourceTree = "<group>";
		};
		BB6761B926002C39004C11BF /* SolarQuestUITests */ = {
			isa = PBXGroup;
			children = (
				BB6761BA26002C39004C11BF /* SolarQuestUITests.swift */,
				BB6761BC26002C39004C11BF /* Info.plist */,
			);
			path = SolarQuestUITests;
			sourceTree = "<group>";
		};
		BB6761CB26002C7E004C11BF /* SolarQuestKit */ = {
			isa = PBXGroup;
			children = (
				BB87867126043BB6006028E6 /* Board.swift */,
				BB6761CF26002C7E004C11BF /* DeedCard.swift */,
				BB6761D026002C7E004C11BF /* FuelManager.swift */,
				BB78646326018409009214D0 /* Future Plan.md */,
				BB6761CE26002C7E004C11BF /* Game.swift */,
				BB87867926043D27006028E6 /* GameFactory.swift */,
				BB87869126056D20006028E6 /* Location.swift */,
				BB6761D526002C7E004C11BF /* Map.swift */,
				BB6761CC26002C7E004C11BF /* MutableLocation.swift */,
				BB6761D826002C7E004C11BF /* Navigator.swift */,
				BB6761D626002C7E004C11BF /* Player.swift */,
				BB78646226017D31009214D0 /* README.md */,
				BB6761D326002C7E004C11BF /* RedShiftCard.swift */,
				BB6761CD26002C7E004C11BF /* StandardBoard.swift */,
				BB6761EC26002CA5004C11BF /* GameState.swift */,
				BB6761D226002C7E004C11BF /* StandardDeedCardFactory.swift */,
				BB6761D726002C7E004C11BF /* StandardFuelManager.swift */,
				BB6761D426002C7E004C11BF /* StandardMap.swift */,
				BB6761D126002C7E004C11BF /* StandardNavigator.swift */,
				BB8786872604C66E006028E6 /* TestBoard.swift */,
			);
			path = SolarQuestKit;
			sourceTree = "<group>";
		};
		BB6761E926002CA5004C11BF /* Entities */ = {
			isa = PBXGroup;
			children = (
				BB6761EA26002CA5004C11BF /* CelestialBody.swift */,
				BB6761EB26002CA5004C11BF /* Spaceship.swift */,
			);
			path = Entities;
			sourceTree = "<group>";
		};
		BB6761ED26002CA5004C11BF /* Components */ = {
			isa = PBXGroup;
			children = (
				BB6761EE26002CA5004C11BF /* SpriteComponent.swift */,
				BB6761EF26002CA5004C11BF /* PlayerComponent.swift */,
			);
			path = Components;
			sourceTree = "<group>";
		};
		BB67622C26002E8A004C11BF /* SolarQuestKitTests */ = {
			isa = PBXGroup;
			children = (
				BBF77826260681A6006DB037 /* GameStateTests.swift */,
				BB87867526043C52006028E6 /* GameFactoryTests.swift */,
				BB87866B26043AB8006028E6 /* TestBoardTests.swift */,
				BB8786612603FD7C006028E6 /* Game_initDefaultsTests.swift */,
				BB67623926002EA5004C11BF /* StandardBoardTests.swift */,
				BB67624226002EA6004C11BF /* Game_BuyPropertyTests.swift */,
				BB67624026002EA6004C11BF /* Game_FuelTests.swift */,
				BB67623D26002EA6004C11BF /* Game_LowFuelTests.swift */,
				BB67624126002EA6004C11BF /* Game_MoveTests.swift */,
				BB67624526002EA6004C11BF /* Game_RedShiftTests.swift */,
				BB67623E26002EA6004C11BF /* Game_RentTests.swift */,
				BB67624326002EA6004C11BF /* Game_RollTests.swift */,
				BB67623C26002EA6004C11BF /* Game_SinopeTests.swift */,
				BB67623A26002EA5004C11BF /* Game_StartBonusTests.swift */,
				BB67623B26002EA5004C11BF /* Game_initPlayersTests.swift */,
				BB67622F26002E8A004C11BF /* Info.plist */,
			);
			path = SolarQuestKitTests;
			sourceTree = "<group>";
		};
/* End PBXGroup section */

/* Begin PBXNativeTarget section */
		BB67619326002C38004C11BF /* SolarQuest */ = {
			isa = PBXNativeTarget;
			buildConfigurationList = BB6761BF26002C39004C11BF /* Build configuration list for PBXNativeTarget "SolarQuest" */;
			buildPhases = (
				BB67619026002C38004C11BF /* Sources */,
				BB67619126002C38004C11BF /* Frameworks */,
				BB67619226002C38004C11BF /* Resources */,
			);
			buildRules = (
			);
			dependencies = (
			);
			name = SolarQuest;
			productName = SolarQuest;
			productReference = BB67619426002C38004C11BF /* SolarQuest.app */;
			productType = "com.apple.product-type.application";
		};
		BB67622A26002E8A004C11BF /* SolarQuestKitTests */ = {
			isa = PBXNativeTarget;
			buildConfigurationList = BB67623226002E8A004C11BF /* Build configuration list for PBXNativeTarget "SolarQuestKitTests" */;
			buildPhases = (
				BB67622726002E8A004C11BF /* Sources */,
				BB67622826002E8A004C11BF /* Frameworks */,
				BB67622926002E8A004C11BF /* Resources */,
			);
			buildRules = (
			);
			dependencies = (
				BB67623126002E8A004C11BF /* PBXTargetDependency */,
			);
			name = SolarQuestKitTests;
			productName = SolarQuestKitTests;
			productReference = BB67622B26002E8A004C11BF /* SolarQuestKitTests.xctest */;
			productType = "com.apple.product-type.bundle.unit-test";
		};
/* End PBXNativeTarget section */

/* Begin PBXProject section */
		BB67618C26002C38004C11BF /* Project object */ = {
			isa = PBXProject;
			attributes = {
				LastSwiftUpdateCheck = 1240;
				LastUpgradeCheck = 1240;
				TargetAttributes = {
					BB67619326002C38004C11BF = {
						CreatedOnToolsVersion = 12.4;
					};
					BB67622A26002E8A004C11BF = {
						CreatedOnToolsVersion = 12.4;
						TestTargetID = BB67619326002C38004C11BF;
					};
				};
			};
			buildConfigurationList = BB67618F26002C38004C11BF /* Build configuration list for PBXProject "SolarQuest" */;
			compatibilityVersion = "Xcode 9.3";
			developmentRegion = en;
			hasScannedForEncodings = 0;
			knownRegions = (
				en,
				Base,
			);
			mainGroup = BB67618B26002C38004C11BF;
			productRefGroup = BB67619526002C38004C11BF /* Products */;
			projectDirPath = "";
			projectRoot = "";
			targets = (
				BB67619326002C38004C11BF /* SolarQuest */,
				BB67622A26002E8A004C11BF /* SolarQuestKitTests */,
			);
		};
/* End PBXProject section */

/* Begin PBXResourcesBuildPhase section */
		BB67619226002C38004C11BF /* Resources */ = {
			isa = PBXResourcesBuildPhase;
			buildActionMask = 2147483647;
			files = (
				BB67620026002CE4004C11BF /* BoardScene.sks in Resources */,
				BB6761A326002C38004C11BF /* Main.storyboard in Resources */,
				BB6761A526002C39004C11BF /* Assets.xcassets in Resources */,
			);
			runOnlyForDeploymentPostprocessing = 0;
		};
		BB67622926002E8A004C11BF /* Resources */ = {
			isa = PBXResourcesBuildPhase;
			buildActionMask = 2147483647;
			files = (
			);
			runOnlyForDeploymentPostprocessing = 0;
		};
/* End PBXResourcesBuildPhase section */

/* Begin PBXSourcesBuildPhase section */
		BB67619026002C38004C11BF /* Sources */ = {
			isa = PBXSourcesBuildPhase;
			buildActionMask = 2147483647;
			files = (
				BB6761F126002CA5004C11BF /* Spaceship.swift in Sources */,
				BB6761DE26002C7E004C11BF /* StandardNavigator.swift in Sources */,
				BB6761E226002C7E004C11BF /* Map.swift in Sources */,
				BB87867226043BB6006028E6 /* Board.swift in Sources */,
				BB6761E326002C7E004C11BF /* Player.swift in Sources */,
				BB87869226056D20006028E6 /* Location.swift in Sources */,
				BB87867A26043D27006028E6 /* GameFactory.swift in Sources */,
				BBF7782126063C12006DB037 /* StandardDeedCardFactory.swift in Sources */,
				BB6761F326002CA5004C11BF /* SpriteComponent.swift in Sources */,
				BB6761FF26002CE4004C11BF /* BoardScene.swift in Sources */,
				BB8786882604C66E006028E6 /* TestBoard.swift in Sources */,
				BB6761E526002C7E004C11BF /* Navigator.swift in Sources */,
				BB6761F226002CA5004C11BF /* GameState.swift in Sources */,
				BB6761DB26002C7E004C11BF /* Game.swift in Sources */,
				BB6761F426002CA5004C11BF /* PlayerComponent.swift in Sources */,
				BB6761E026002C7E004C11BF /* RedShiftCard.swift in Sources */,
				BB6761FE26002CE4004C11BF /* BoardLayout.swift in Sources */,
				BB6761DD26002C7E004C11BF /* FuelManager.swift in Sources */,
				BBF7781E26063C0E006DB037 /* DeedCard.swift in Sources */,
				BB6761A026002C38004C11BF /* GameViewController.swift in Sources */,
				BB6761DA26002C7E004C11BF /* StandardBoard.swift in Sources */,
				BB6761D926002C7E004C11BF /* MutableLocation.swift in Sources */,
				BB6761E426002C7E004C11BF /* StandardFuelManager.swift in Sources */,
				BB6761F026002CA5004C11BF /* CelestialBody.swift in Sources */,
				BB67619826002C38004C11BF /* AppDelegate.swift in Sources */,
				BB6761E126002C7E004C11BF /* StandardMap.swift in Sources */,
			);
			runOnlyForDeploymentPostprocessing = 0;
		};
		BB67622726002E8A004C11BF /* Sources */ = {
			isa = PBXSourcesBuildPhase;
			buildActionMask = 2147483647;
			files = (
				BB87866C26043AB8006028E6 /* TestBoardTests.swift in Sources */,
				BB67624B26002EA6004C11BF /* Game_RentTests.swift in Sources */,
				BB67624D26002EA6004C11BF /* Game_FuelTests.swift in Sources */,
				BB67624A26002EA6004C11BF /* Game_LowFuelTests.swift in Sources */,
				BB67625026002EA6004C11BF /* Game_RollTests.swift in Sources */,
				BB67624F26002EA6004C11BF /* Game_BuyPropertyTests.swift in Sources */,
				BB87867626043C52006028E6 /* GameFactoryTests.swift in Sources */,
				BBF77827260681A6006DB037 /* GameStateTests.swift in Sources */,
				BB67624E26002EA6004C11BF /* Game_MoveTests.swift in Sources */,
				BB67624726002EA6004C11BF /* Game_StartBonusTests.swift in Sources */,
				BB67624626002EA6004C11BF /* StandardBoardTests.swift in Sources */,
				BB67624826002EA6004C11BF /* Game_initPlayersTests.swift in Sources */,
				BB67625226002EA6004C11BF /* Game_RedShiftTests.swift in Sources */,
				BB67624926002EA6004C11BF /* Game_SinopeTests.swift in Sources */,
				BB8786622603FD7C006028E6 /* Game_initDefaultsTests.swift in Sources */,
			);
			runOnlyForDeploymentPostprocessing = 0;
		};
/* End PBXSourcesBuildPhase section */

/* Begin PBXTargetDependency section */
		BB67623126002E8A004C11BF /* PBXTargetDependency */ = {
			isa = PBXTargetDependency;
			target = BB67619326002C38004C11BF /* SolarQuest */;
			targetProxy = BB67623026002E8A004C11BF /* PBXContainerItemProxy */;
		};
/* End PBXTargetDependency section */

/* Begin PBXVariantGroup section */
		BB6761A126002C38004C11BF /* Main.storyboard */ = {
			isa = PBXVariantGroup;
			children = (
				BB6761A226002C38004C11BF /* Base */,
			);
			name = Main.storyboard;
			sourceTree = "<group>";
		};
/* End PBXVariantGroup section */

/* Begin XCBuildConfiguration section */
		BB6761BD26002C39004C11BF /* Debug */ = {
			isa = XCBuildConfiguration;
			buildSettings = {
				ALWAYS_SEARCH_USER_PATHS = NO;
				CLANG_ANALYZER_NONNULL = YES;
				CLANG_ANALYZER_NUMBER_OBJECT_CONVERSION = YES_AGGRESSIVE;
				CLANG_CXX_LANGUAGE_STANDARD = "gnu++14";
				CLANG_CXX_LIBRARY = "libc++";
				CLANG_ENABLE_MODULES = YES;
				CLANG_ENABLE_OBJC_ARC = YES;
				CLANG_ENABLE_OBJC_WEAK = YES;
				CLANG_WARN_BLOCK_CAPTURE_AUTORELEASING = YES;
				CLANG_WARN_BOOL_CONVERSION = YES;
				CLANG_WARN_COMMA = YES;
				CLANG_WARN_CONSTANT_CONVERSION = YES;
				CLANG_WARN_DEPRECATED_OBJC_IMPLEMENTATIONS = YES;
				CLANG_WARN_DIRECT_OBJC_ISA_USAGE = YES_ERROR;
				CLANG_WARN_DOCUMENTATION_COMMENTS = YES;
				CLANG_WARN_EMPTY_BODY = YES;
				CLANG_WARN_ENUM_CONVERSION = YES;
				CLANG_WARN_INFINITE_RECURSION = YES;
				CLANG_WARN_INT_CONVERSION = YES;
				CLANG_WARN_NON_LITERAL_NULL_CONVERSION = YES;
				CLANG_WARN_OBJC_IMPLICIT_RETAIN_SELF = YES;
				CLANG_WARN_OBJC_LITERAL_CONVERSION = YES;
				CLANG_WARN_OBJC_ROOT_CLASS = YES_ERROR;
				CLANG_WARN_QUOTED_INCLUDE_IN_FRAMEWORK_HEADER = YES;
				CLANG_WARN_RANGE_LOOP_ANALYSIS = YES;
				CLANG_WARN_STRICT_PROTOTYPES = YES;
				CLANG_WARN_SUSPICIOUS_MOVE = YES;
				CLANG_WARN_UNGUARDED_AVAILABILITY = YES_AGGRESSIVE;
				CLANG_WARN_UNREACHABLE_CODE = YES;
				CLANG_WARN__DUPLICATE_METHOD_MATCH = YES;
				COPY_PHASE_STRIP = NO;
				DEBUG_INFORMATION_FORMAT = dwarf;
				ENABLE_STRICT_OBJC_MSGSEND = YES;
				ENABLE_TESTABILITY = YES;
				GCC_C_LANGUAGE_STANDARD = gnu11;
				GCC_DYNAMIC_NO_PIC = NO;
				GCC_NO_COMMON_BLOCKS = YES;
				GCC_OPTIMIZATION_LEVEL = 0;
				GCC_PREPROCESSOR_DEFINITIONS = (
					"DEBUG=1",
					"$(inherited)",
				);
				GCC_WARN_64_TO_32_BIT_CONVERSION = YES;
				GCC_WARN_ABOUT_RETURN_TYPE = YES_ERROR;
				GCC_WARN_UNDECLARED_SELECTOR = YES;
				GCC_WARN_UNINITIALIZED_AUTOS = YES_AGGRESSIVE;
				GCC_WARN_UNUSED_FUNCTION = YES;
				GCC_WARN_UNUSED_VARIABLE = YES;
				IPHONEOS_DEPLOYMENT_TARGET = 14.4;
				MTL_ENABLE_DEBUG_INFO = INCLUDE_SOURCE;
				MTL_FAST_MATH = YES;
				ONLY_ACTIVE_ARCH = YES;
				SDKROOT = iphoneos;
				SWIFT_ACTIVE_COMPILATION_CONDITIONS = DEBUG;
				SWIFT_OPTIMIZATION_LEVEL = "-Onone";
			};
			name = Debug;
		};
		BB6761BE26002C39004C11BF /* Release */ = {
			isa = XCBuildConfiguration;
			buildSettings = {
				ALWAYS_SEARCH_USER_PATHS = NO;
				CLANG_ANALYZER_NONNULL = YES;
				CLANG_ANALYZER_NUMBER_OBJECT_CONVERSION = YES_AGGRESSIVE;
				CLANG_CXX_LANGUAGE_STANDARD = "gnu++14";
				CLANG_CXX_LIBRARY = "libc++";
				CLANG_ENABLE_MODULES = YES;
				CLANG_ENABLE_OBJC_ARC = YES;
				CLANG_ENABLE_OBJC_WEAK = YES;
				CLANG_WARN_BLOCK_CAPTURE_AUTORELEASING = YES;
				CLANG_WARN_BOOL_CONVERSION = YES;
				CLANG_WARN_COMMA = YES;
				CLANG_WARN_CONSTANT_CONVERSION = YES;
				CLANG_WARN_DEPRECATED_OBJC_IMPLEMENTATIONS = YES;
				CLANG_WARN_DIRECT_OBJC_ISA_USAGE = YES_ERROR;
				CLANG_WARN_DOCUMENTATION_COMMENTS = YES;
				CLANG_WARN_EMPTY_BODY = YES;
				CLANG_WARN_ENUM_CONVERSION = YES;
				CLANG_WARN_INFINITE_RECURSION = YES;
				CLANG_WARN_INT_CONVERSION = YES;
				CLANG_WARN_NON_LITERAL_NULL_CONVERSION = YES;
				CLANG_WARN_OBJC_IMPLICIT_RETAIN_SELF = YES;
				CLANG_WARN_OBJC_LITERAL_CONVERSION = YES;
				CLANG_WARN_OBJC_ROOT_CLASS = YES_ERROR;
				CLANG_WARN_QUOTED_INCLUDE_IN_FRAMEWORK_HEADER = YES;
				CLANG_WARN_RANGE_LOOP_ANALYSIS = YES;
				CLANG_WARN_STRICT_PROTOTYPES = YES;
				CLANG_WARN_SUSPICIOUS_MOVE = YES;
				CLANG_WARN_UNGUARDED_AVAILABILITY = YES_AGGRESSIVE;
				CLANG_WARN_UNREACHABLE_CODE = YES;
				CLANG_WARN__DUPLICATE_METHOD_MATCH = YES;
				COPY_PHASE_STRIP = NO;
				DEBUG_INFORMATION_FORMAT = "dwarf-with-dsym";
				ENABLE_NS_ASSERTIONS = NO;
				ENABLE_STRICT_OBJC_MSGSEND = YES;
				GCC_C_LANGUAGE_STANDARD = gnu11;
				GCC_NO_COMMON_BLOCKS = YES;
				GCC_WARN_64_TO_32_BIT_CONVERSION = YES;
				GCC_WARN_ABOUT_RETURN_TYPE = YES_ERROR;
				GCC_WARN_UNDECLARED_SELECTOR = YES;
				GCC_WARN_UNINITIALIZED_AUTOS = YES_AGGRESSIVE;
				GCC_WARN_UNUSED_FUNCTION = YES;
				GCC_WARN_UNUSED_VARIABLE = YES;
				IPHONEOS_DEPLOYMENT_TARGET = 14.4;
				MTL_ENABLE_DEBUG_INFO = NO;
				MTL_FAST_MATH = YES;
				SDKROOT = iphoneos;
				SWIFT_COMPILATION_MODE = wholemodule;
				SWIFT_OPTIMIZATION_LEVEL = "-O";
				VALIDATE_PRODUCT = YES;
			};
			name = Release;
		};
		BB6761C026002C39004C11BF /* Debug */ = {
			isa = XCBuildConfiguration;
			buildSettings = {
				ASSETCATALOG_COMPILER_APPICON_NAME = AppIcon;
				ASSETCATALOG_COMPILER_GLOBAL_ACCENT_COLOR_NAME = AccentColor;
				CODE_SIGN_STYLE = Automatic;
				DEVELOPMENT_TEAM = VC3L73M262;
				INFOPLIST_FILE = SolarQuest/Info.plist;
				LD_RUNPATH_SEARCH_PATHS = (
					"$(inherited)",
					"@executable_path/Frameworks",
				);
				PRODUCT_BUNDLE_IDENTIFIER = com.odysseus.mix.SolarQuest;
				PRODUCT_NAME = "$(TARGET_NAME)";
				SWIFT_VERSION = 5.0;
				TARGETED_DEVICE_FAMILY = "1,2";
			};
			name = Debug;
		};
		BB6761C126002C39004C11BF /* Release */ = {
			isa = XCBuildConfiguration;
			buildSettings = {
				ASSETCATALOG_COMPILER_APPICON_NAME = AppIcon;
				ASSETCATALOG_COMPILER_GLOBAL_ACCENT_COLOR_NAME = AccentColor;
				CODE_SIGN_STYLE = Automatic;
				DEVELOPMENT_TEAM = VC3L73M262;
				INFOPLIST_FILE = SolarQuest/Info.plist;
				LD_RUNPATH_SEARCH_PATHS = (
					"$(inherited)",
					"@executable_path/Frameworks",
				);
				PRODUCT_BUNDLE_IDENTIFIER = com.odysseus.mix.SolarQuest;
				PRODUCT_NAME = "$(TARGET_NAME)";
				SWIFT_VERSION = 5.0;
				TARGETED_DEVICE_FAMILY = "1,2";
			};
			name = Release;
		};
		BB67623326002E8A004C11BF /* Debug */ = {
			isa = XCBuildConfiguration;
			buildSettings = {
				BUNDLE_LOADER = "$(TEST_HOST)";
				CODE_SIGN_STYLE = Automatic;
				DEVELOPMENT_TEAM = VC3L73M262;
				INFOPLIST_FILE = SolarQuestKitTests/Info.plist;
				LD_RUNPATH_SEARCH_PATHS = (
					"$(inherited)",
					"@executable_path/Frameworks",
					"@loader_path/Frameworks",
				);
				PRODUCT_BUNDLE_IDENTIFIER = com.odysseus.mix.SolarQuestKitTests;
				PRODUCT_NAME = "$(TARGET_NAME)";
				SWIFT_VERSION = 5.0;
				TARGETED_DEVICE_FAMILY = "1,2";
				TEST_HOST = "$(BUILT_PRODUCTS_DIR)/SolarQuest.app/SolarQuest";
			};
			name = Debug;
		};
		BB67623426002E8A004C11BF /* Release */ = {
			isa = XCBuildConfiguration;
			buildSettings = {
				BUNDLE_LOADER = "$(TEST_HOST)";
				CODE_SIGN_STYLE = Automatic;
				DEVELOPMENT_TEAM = VC3L73M262;
				INFOPLIST_FILE = SolarQuestKitTests/Info.plist;
				LD_RUNPATH_SEARCH_PATHS = (
					"$(inherited)",
					"@executable_path/Frameworks",
					"@loader_path/Frameworks",
				);
				PRODUCT_BUNDLE_IDENTIFIER = com.odysseus.mix.SolarQuestKitTests;
				PRODUCT_NAME = "$(TARGET_NAME)";
				SWIFT_VERSION = 5.0;
				TARGETED_DEVICE_FAMILY = "1,2";
				TEST_HOST = "$(BUILT_PRODUCTS_DIR)/SolarQuest.app/SolarQuest";
			};
			name = Release;
		};
/* End XCBuildConfiguration section */

/* Begin XCConfigurationList section */
		BB67618F26002C38004C11BF /* Build configuration list for PBXProject "SolarQuest" */ = {
			isa = XCConfigurationList;
			buildConfigurations = (
				BB6761BD26002C39004C11BF /* Debug */,
				BB6761BE26002C39004C11BF /* Release */,
			);
			defaultConfigurationIsVisible = 0;
			defaultConfigurationName = Release;
		};
		BB6761BF26002C39004C11BF /* Build configuration list for PBXNativeTarget "SolarQuest" */ = {
			isa = XCConfigurationList;
			buildConfigurations = (
				BB6761C026002C39004C11BF /* Debug */,
				BB6761C126002C39004C11BF /* Release */,
			);
			defaultConfigurationIsVisible = 0;
			defaultConfigurationName = Release;
		};
		BB67623226002E8A004C11BF /* Build configuration list for PBXNativeTarget "SolarQuestKitTests" */ = {
			isa = XCConfigurationList;
			buildConfigurations = (
				BB67623326002E8A004C11BF /* Debug */,
				BB67623426002E8A004C11BF /* Release */,
			);
			defaultConfigurationIsVisible = 0;
			defaultConfigurationName = Release;
		};
/* End XCConfigurationList section */
	};
	rootObject = BB67618C26002C38004C11BF /* Project object */;
}
